
Microsoft Visual Studio Solution File, Format Version 11.00
# Visual Studio 2010
Project("{FAE04EC0-301F-11D3-BF4B-00C04F79EFBC}") = "CrimsonLand", "Assembly-CSharp-firstpass.csproj", "{B4A2B860-04F1-8171-CB58-11FDB681066E}"
EndProject
Project("{FAE04EC0-301F-11D3-BF4B-00C04F79EFBC}") = "CrimsonLand", "Assembly-CSharp.csproj", "{DB5509A0-1F08-77DA-8FDF-5342F6A87F44}"
EndProject
Global
	GlobalSection(SolutionConfigurationPlatforms) = preSolution
		Debug|Any CPU = Debug|Any CPU
		Release|Any CPU = Release|Any CPU
	EndGlobalSection
	GlobalSection(ProjectConfigurationPlatforms) = postSolution
		{B4A2B860-04F1-8171-CB58-11FDB681066E}.Debug|Any CPU.ActiveCfg = Debug|Any CPU
		{B4A2B860-04F1-8171-CB58-11FDB681066E}.Debug|Any CPU.Build.0 = Debug|Any CPU
		{B4A2B860-04F1-8171-CB58-11FDB681066E}.Release|Any CPU.ActiveCfg = Release|Any CPU
		{B4A2B860-04F1-8171-CB58-11FDB681066E}.Release|Any CPU.Build.0 = Release|Any CPU
		{DB5509A0-1F08-77DA-8FDF-5342F6A87F44}.Debug|Any CPU.ActiveCfg = Debug|Any CPU
		{DB5509A0-1F08-77DA-8FDF-5342F6A87F44}.Debug|Any CPU.Build.0 = Debug|Any CPU
		{DB5509A0-1F08-77DA-8FDF-5342F6A87F44}.Release|Any CPU.ActiveCfg = Release|Any CPU
		{DB5509A0-1F08-77DA-8FDF-5342F6A87F44}.Release|Any CPU.Build.0 = Release|Any CPU
	EndGlobalSection
	GlobalSection(SolutionProperties) = preSolution
		HideSolutionNode = FALSE
	EndGlobalSection
	GlobalSection(MonoDevelopProperties) = preSolution
		StartupItem = Assembly-CSharp.csproj
	EndGlobalSection
EndGlobal
